
Microsoft Visual Studio Solution File, Format Version 12.00
# Visual Studio Version 17
VisualStudioVersion = 17.14.36327.8 d17.14
MinimumVisualStudioVersion = 10.0.40219.1
Project("{FAE04EC0-301F-11D3-BF4B-00C04F79EFBC}") = "Loans", "Loans\Loans.csproj", "{12ECD78C-8130-421C-80DE-6840EF28B79B}"
EndProject
Global
	GlobalSection(SolutionConfigurationPlatforms) = preSolution
		Debug|Any CPU = Debug|Any CPU
		Release|Any CPU = Release|Any CPU
	EndGlobalSection
	GlobalSection(ProjectConfigurationPlatforms) = postSolution
		{12ECD78C-8130-421C-80DE-6840EF28B79B}.Debug|Any CPU.ActiveCfg = Debug|Any CPU
		{12ECD78C-8130-421C-80DE-6840EF28B79B}.Debug|Any CPU.Build.0 = Debug|Any CPU
		{12ECD78C-8130-421C-80DE-6840EF28B79B}.Release|Any CPU.ActiveCfg = Release|Any CPU
		{12ECD78C-8130-421C-80DE-6840EF28B79B}.Release|Any CPU.Build.0 = Release|Any CPU
	EndGlobalSection
	GlobalSection(SolutionProperties) = preSolution
		HideSolutionNode = FALSE
	EndGlobalSection
	GlobalSection(ExtensibilityGlobals) = postSolution
		SolutionGuid = {9F64C226-7EB8-461A-989A-05115AB2B256}
	EndGlobalSection
EndGlobal
